// !$*UTF8*$!
{
	archiveVersion = 1;
	classes = {
	};
	objectVersion = 77;
	objects = {

/* Begin PBXBuildFile section */
		41C8B95C2C5F2C0500A10001 /* PumpKitchenWidgetExtension.appex in Embed Foundation Extensions */ = {isa = PBXBuildFile; fileRef = 41C8B9502C5F2C0500A10001 /* PumpKitchenWidgetExtension.appex */; settings = {ATTRIBUTES = (RemoveHeadersOnCopy, ); }; };
/* End PBXBuildFile section */

/* Begin PBXCopyFilesBuildPhase section */
		41C8B95B2C5F2C0500A10001 /* Embed Foundation Extensions */ = {
			isa = PBXCopyFilesBuildPhase;
			buildActionMask = 2147483647;
			dstPath = "";
			dstSubfolderSpec = 13;
			files = (
				41C8B95C2C5F2C0500A10001 /* PumpKitchenWidgetExtension.appex in Embed Foundation Extensions */,
			);
			name = "Embed Foundation Extensions";
			runOnlyForDeploymentPostprocessing = 0;
		};
/* End PBXCopyFilesBuildPhase section */

/* Begin PBXFileReference section */
		41C8B9502C5F2C0500A10001 /* PumpKitchenWidgetExtension.appex */ = {isa = PBXFileReference; explicitFileType = "wrapper.app-extension"; includeInIndex = 0; path = PumpKitchenWidgetExtension.appex; sourceTree = BUILT_PRODUCTS_DIR; };
		41C8B91F2C5F2C0500A10001 /* Pump Kitchen.app */ = {isa = PBXFileReference; explicitFileType = wrapper.application; includeInIndex = 0; path = "Pump Kitchen.app"; sourceTree = BUILT_PRODUCTS_DIR; };
		41C8B9322C5F2C0500A10001 /* PumpKitchenTests.xctest */ = {isa = PBXFileReference; explicitFileType = wrapper.cfbundle; includeInIndex = 0; path = PumpKitchenTests.xctest; sourceTree = BUILT_PRODUCTS_DIR; };
		41C8B9402C5F2C0500A10001 /* PumpKitchenUITests.xctest */ = {isa = PBXFileReference; explicitFileType = wrapper.cfbundle; includeInIndex = 0; path = PumpKitchenUITests.xctest; sourceTree = BUILT_PRODUCTS_DIR; };
/* End PBXFileReference section */

/* Begin PBXFileSystemSynchronizedRootGroup section */
		41C8B9232C5F2C0500A10001 /* PumpKitchen */ = {
			isa = PBXFileSystemSynchronizedRootGroup;
			exceptions = (
				41C8B95E2C5F2C0500A10001 /* Exceptions for "PumpKitchen" folder in "Pump Kitchen" target */,
			);
			path = PumpKitchen;
			sourceTree = "<group>";
		};
		41C8B9332C5F2C0500A10001 /* PumpKitchenTests */ = {
			isa = PBXFileSystemSynchronizedRootGroup;
			path = PumpKitchenTests;
			sourceTree = "<group>";
		};
		41C8B9412C5F2C0500A10001 /* PumpKitchenUITests */ = {
			isa = PBXFileSystemSynchronizedRootGroup;
			path = PumpKitchenUITests;
			sourceTree = "<group>";
		};
		41C8B9512C5F2C0500A10001 /* PumpKitchenWidget */ = {
			isa = PBXFileSystemSynchronizedRootGroup;
			exceptions = (
				41C8B95D2C5F2C0500A10001 /* Exceptions for "PumpKitchenWidget" folder in "PumpKitchenWidgetExtension" target */,
			);
			path = PumpKitchenWidget;
			sourceTree = "<group>";
		};
/* End PBXFileSystemSynchronizedRootGroup section */

/* Begin PBXFileSystemSynchronizedBuildFileExceptionSet section */
		41C8B95D2C5F2C0500A10001 /* Exceptions for "PumpKitchenWidget" folder in "PumpKitchenWidgetExtension" target */ = {
			isa = PBXFileSystemSynchronizedBuildFileExceptionSet;
			membershipExceptions = (
				Info.plist,
			);
			target = 41C8B9522C5F2C0500A10001 /* PumpKitchenWidgetExtension */;
		};
		41C8B95E2C5F2C0500A10001 /* Exceptions for "PumpKitchen" folder in "Pump Kitchen" target */ = {
			isa = PBXFileSystemSynchronizedBuildFileExceptionSet;
			membershipExceptions = (
				Info.plist,
			);
			target = 41C8B91E2C5F2C0500A10001 /* Pump Kitchen */;
		};
/* End PBXFileSystemSynchronizedBuildFileExceptionSet section */

/* Begin PBXFrameworksBuildPhase section */
		41C8B91D2C5F2C0500A10001 /* Frameworks */ = {
			isa = PBXFrameworksBuildPhase;
			buildActionMask = 2147483647;
			files = (
			);
			runOnlyForDeploymentPostprocessing = 0;
		};
		41C8B9342C5F2C0500A10001 /* Frameworks */ = {
			isa = PBXFrameworksBuildPhase;
			buildActionMask = 2147483647;
			files = (
			);
			runOnlyForDeploymentPostprocessing = 0;
		};
		41C8B9422C5F2C0500A10001 /* Frameworks */ = {
			isa = PBXFrameworksBuildPhase;
			buildActionMask = 2147483647;
			files = (
			);
			runOnlyForDeploymentPostprocessing = 0;
		};
		41C8B9542C5F2C0500A10001 /* Frameworks */ = {
			isa = PBXFrameworksBuildPhase;
			buildActionMask = 2147483647;
			files = (
			);
			runOnlyForDeploymentPostprocessing = 0;
		};
/* End PBXFrameworksBuildPhase section */

/* Begin PBXGroup section */
		41C8B9152C5F2C0500A10001 = {
			isa = PBXGroup;
			children = (
				41C8B9232C5F2C0500A10001 /* PumpKitchen */,
				41C8B9332C5F2C0500A10001 /* PumpKitchenTests */,
				41C8B9412C5F2C0500A10001 /* PumpKitchenUITests */,
				41C8B9512C5F2C0500A10001 /* PumpKitchenWidget */,
				41C8B9202C5F2C0500A10001 /* Products */,
			);
			sourceTree = "<group>";
		};
		41C8B9202C5F2C0500A10001 /* Products */ = {
			isa = PBXGroup;
			children = (
				41C8B91F2C5F2C0500A10001 /* Pump Kitchen.app */,
				41C8B9322C5F2C0500A10001 /* PumpKitchenTests.xctest */,
				41C8B9402C5F2C0500A10001 /* PumpKitchenUITests.xctest */,
				41C8B9502C5F2C0500A10001 /* PumpKitchenWidgetExtension.appex */,
			);
			name = Products;
			sourceTree = "<group>";
		};
/* End PBXGroup section */

/* Begin PBXContainerItemProxy section */
		41C8B9312C5F2C0500A10001 /* PBXContainerItemProxy */ = {
			isa = PBXContainerItemProxy;
			containerPortal = 41C8B9162C5F2C0500A10001 /* Project object */;
			proxyType = 1;
			remoteGlobalIDString = 41C8B91E2C5F2C0500A10001;
			remoteInfo = "Pump Kitchen";
		};
		41C8B9432C5F2C0500A10001 /* PBXContainerItemProxy */ = {
			isa = PBXContainerItemProxy;
			containerPortal = 41C8B9162C5F2C0500A10001 /* Project object */;
			proxyType = 1;
			remoteGlobalIDString = 41C8B91E2C5F2C0500A10001;
			remoteInfo = "Pump Kitchen";
		};
		41C8B9592C5F2C0500A10001 /* PBXContainerItemProxy */ = {
			isa = PBXContainerItemProxy;
			containerPortal = 41C8B9162C5F2C0500A10001 /* Project object */;
			proxyType = 1;
			remoteGlobalIDString = 41C8B9522C5F2C0500A10001;
			remoteInfo = PumpKitchenWidgetExtension;
		};
/* End PBXContainerItemProxy section */

/* Begin PBXNativeTarget section */
		41C8B91E2C5F2C0500A10001 /* Pump Kitchen */ = {
			isa = PBXNativeTarget;
			buildConfigurationList = 41C8B92D2C5F2C0500A10001 /* Build configuration list for PBXNativeTarget "Pump Kitchen" */;
			buildPhases = (
				41C8B91C2C5F2C0500A10001 /* Sources */,
				41C8B91D2C5F2C0500A10001 /* Frameworks */,
				41C8B91A2C5F2C0500A10001 /* Resources */,
				41C8B95B2C5F2C0500A10001 /* Embed Foundation Extensions */,
			);
			buildRules = (
			);
			dependencies = (
				41C8B95A2C5F2C0500A10001 /* PBXTargetDependency */,
			);
			fileSystemSynchronizedGroups = (
				41C8B9232C5F2C0500A10001 /* PumpKitchen */,
			);
			name = "Pump Kitchen";
			packageProductDependencies = (
			);
			productName = "Pump Kitchen";
			productReference = 41C8B91F2C5F2C0500A10001 /* Pump Kitchen.app */;
			productType = "com.apple.product-type.application";
		};
		41C8B9382C5F2C0500A10001 /* PumpKitchenTests */ = {
			isa = PBXNativeTarget;
			buildConfigurationList = 41C8B93B2C5F2C0500A10001 /* Build configuration list for PBXNativeTarget "PumpKitchenTests" */;
			buildPhases = (
				41C8B9362C5F2C0500A10001 /* Sources */,
				41C8B9342C5F2C0500A10001 /* Frameworks */,
				41C8B9352C5F2C0500A10001 /* Resources */,
			);
			buildRules = (
			);
			dependencies = (
				41C8B9372C5F2C0500A10001 /* PBXTargetDependency */,
			);
			fileSystemSynchronizedGroups = (
				41C8B9332C5F2C0500A10001 /* PumpKitchenTests */,
			);
			name = PumpKitchenTests;
			packageProductDependencies = (
			);
			productName = PumpKitchenTests;
			productReference = 41C8B9322C5F2C0500A10001 /* PumpKitchenTests.xctest */;
			productType = "com.apple.product-type.bundle.unit-test";
		};
		41C8B9472C5F2C0500A10001 /* PumpKitchenUITests */ = {
			isa = PBXNativeTarget;
			buildConfigurationList = 41C8B94A2C5F2C0500A10001 /* Build configuration list for PBXNativeTarget "PumpKitchenUITests" */;
			buildPhases = (
				41C8B9452C5F2C0500A10001 /* Sources */,
				41C8B9422C5F2C0500A10001 /* Frameworks */,
				41C8B9442C5F2C0500A10001 /* Resources */,
			);
			buildRules = (
			);
			dependencies = (
				41C8B9462C5F2C0500A10001 /* PBXTargetDependency */,
			);
			fileSystemSynchronizedGroups = (
				41C8B9412C5F2C0500A10001 /* PumpKitchenUITests */,
			);
			name = PumpKitchenUITests;
			packageProductDependencies = (
			);
			productName = PumpKitchenUITests;
			productReference = 41C8B9402C5F2C0500A10001 /* PumpKitchenUITests.xctest */;
			productType = "com.apple.product-type.bundle.ui-testing";
		};
		41C8B9522C5F2C0500A10001 /* PumpKitchenWidgetExtension */ = {
			isa = PBXNativeTarget;
			buildConfigurationList = 41C8B9562C5F2C0500A10001 /* Build configuration list for PBXNativeTarget "PumpKitchenWidgetExtension" */;
			buildPhases = (
				41C8B9532C5F2C0500A10001 /* Sources */,
				41C8B9542C5F2C0500A10001 /* Frameworks */,
				41C8B9552C5F2C0500A10001 /* Resources */,
			);
			buildRules = (
			);
			dependencies = (
			);
			fileSystemSynchronizedGroups = (
				41C8B9512C5F2C0500A10001 /* PumpKitchenWidget */,
			);
			name = PumpKitchenWidgetExtension;
			packageProductDependencies = (
			);
			productName = PumpKitchenWidgetExtension;
			productReference = 41C8B9502C5F2C0500A10001 /* PumpKitchenWidgetExtension.appex */;
			productType = "com.apple.product-type.app-extension";
		};
/* End PBXNativeTarget section */

/* Begin PBXProject section */
		41C8B9162C5F2C0500A10001 /* Project object */ = {
			isa = PBXProject;
			attributes = {
				BuildIndependentTargetsInParallel = 1;
				LastSwiftUpdateCheck = 2600;
				LastUpgradeCheck = 2600;
				TargetAttributes = {
					41C8B91E2C5F2C0500A10001 = {
						CreatedOnToolsVersion = 26.0;
					};
					41C8B9382C5F2C0500A10001 = {
						CreatedOnToolsVersion = 26.0;
						TestTargetID = 41C8B91E2C5F2C0500A10001;
					};
					41C8B9472C5F2C0500A10001 = {
						CreatedOnToolsVersion = 26.0;
						TestTargetID = 41C8B91E2C5F2C0500A10001;
					};
					41C8B9522C5F2C0500A10001 = {
						CreatedOnToolsVersion = 26.0;
					};
				};
			};
			buildConfigurationList = 41C8B9192C5F2C0500A10001 /* Build configuration list for PBXProject "Pump Kitchen" */;
			developmentRegion = en;
			hasScannedForEncodings = 0;
			knownRegions = (
				en,
				ru,
				Base,
			);
			mainGroup = 41C8B9152C5F2C0500A10001;
			minimizedProjectReferenceProxies = 1;
			preferredProjectObjectVersion = 77;
			productRefGroup = 41C8B9202C5F2C0500A10001 /* Products */;
			projectDirPath = "";
			projectRoot = "";
			targets = (
				41C8B91E2C5F2C0500A10001 /* Pump Kitchen */,
				41C8B9382C5F2C0500A10001 /* PumpKitchenTests */,
				41C8B9472C5F2C0500A10001 /* PumpKitchenUITests */,
				41C8B9522C5F2C0500A10001 /* PumpKitchenWidgetExtension */,
			);
		};
/* End PBXProject section */

/* Begin PBXResourcesBuildPhase section */
		41C8B91A2C5F2C0500A10001 /* Resources */ = {
			isa = PBXResourcesBuildPhase;
			buildActionMask = 2147483647;
			files = (
			);
			runOnlyForDeploymentPostprocessing = 0;
		};
		41C8B9352C5F2C0500A10001 /* Resources */ = {
			isa = PBXResourcesBuildPhase;
			buildActionMask = 2147483647;
			files = (
			);
			runOnlyForDeploymentPostprocessing = 0;
		};
		41C8B9442C5F2C0500A10001 /* Resources */ = {
			isa = PBXResourcesBuildPhase;
			buildActionMask = 2147483647;
			files = (
			);
			runOnlyForDeploymentPostprocessing = 0;
		};
		41C8B9552C5F2C0500A10001 /* Resources */ = {
			isa = PBXResourcesBuildPhase;
			buildActionMask = 2147483647;
			files = (
			);
			runOnlyForDeploymentPostprocessing = 0;
		};
/* End PBXResourcesBuildPhase section */

/* Begin PBXSourcesBuildPhase section */
		41C8B91C2C5F2C0500A10001 /* Sources */ = {
			isa = PBXSourcesBuildPhase;
			buildActionMask = 2147483647;
			files = (
			);
			runOnlyForDeploymentPostprocessing = 0;
		};
		41C8B9362C5F2C0500A10001 /* Sources */ = {
			isa = PBXSourcesBuildPhase;
			buildActionMask = 2147483647;
			files = (
			);
			runOnlyForDeploymentPostprocessing = 0;
		};
		41C8B9452C5F2C0500A10001 /* Sources */ = {
			isa = PBXSourcesBuildPhase;
			buildActionMask = 2147483647;
			files = (
			);
			runOnlyForDeploymentPostprocessing = 0;
		};
		41C8B9532C5F2C0500A10001 /* Sources */ = {
			isa = PBXSourcesBuildPhase;
			buildActionMask = 2147483647;
			files = (
			);
			runOnlyForDeploymentPostprocessing = 0;
		};
/* End PBXSourcesBuildPhase section */

/* Begin PBXTargetDependency section */
		41C8B9372C5F2C0500A10001 /* PBXTargetDependency */ = {
			isa = PBXTargetDependency;
			target = 41C8B91E2C5F2C0500A10001 /* Pump Kitchen */;
			targetProxy = 41C8B9312C5F2C0500A10001 /* PBXContainerItemProxy */;
		};
		41C8B9462C5F2C0500A10001 /* PBXTargetDependency */ = {
			isa = PBXTargetDependency;
			target = 41C8B91E2C5F2C0500A10001 /* Pump Kitchen */;
			targetProxy = 41C8B9432C5F2C0500A10001 /* PBXContainerItemProxy */;
		};
		41C8B95A2C5F2C0500A10001 /* PBXTargetDependency */ = {
			isa = PBXTargetDependency;
			target = 41C8B9522C5F2C0500A10001 /* PumpKitchenWidgetExtension */;
			targetProxy = 41C8B9592C5F2C0500A10001 /* PBXContainerItemProxy */;
		};
/* End PBXTargetDependency section */

/* Begin XCBuildConfiguration section */
		41C8B92B2C5F2C0500A10001 /* Debug */ = {
			isa = XCBuildConfiguration;
			buildSettings = {
				ALWAYS_SEARCH_USER_PATHS = NO;
				CLANG_ANALYZER_NONNULL = YES;
				CLANG_ANALYZER_NUMBER_OBJECT_CONVERSION = YES_AGGRESSIVE;
				CLANG_CXX_LANGUAGE_STANDARD = "gnu++20";
				CLANG_ENABLE_MODULES = YES;
				CLANG_ENABLE_OBJC_ARC = YES;
				CLANG_ENABLE_OBJC_WEAK = YES;
				CLANG_WARN_BLOCK_CAPTURE_AUTORELEASING = YES;
				CLANG_WARN_BOOL_CONVERSION = YES;
				CLANG_WARN_COMMA = YES;
				CLANG_WARN_CONSTANT_CONVERSION = YES;
				CLANG_WARN_DEPRECATED_OBJC_IMPLEMENTATIONS = YES;
				CLANG_WARN_DIRECT_OBJC_ISA_USAGE = YES_ERROR;
				CLANG_WARN_DOCUMENTATION_COMMENTS = YES;
				CLANG_WARN_EMPTY_BODY = YES;
				CLANG_WARN_ENUM_CONVERSION = YES;
				CLANG_WARN_INFINITE_RECURSION = YES;
				CLANG_WARN_INT_CONVERSION = YES;
				CLANG_WARN_NON_LITERAL_NULL_CONVERSION = YES;
				CLANG_WARN_OBJC_IMPLICIT_RETAIN_SELF = YES;
				CLANG_WARN_OBJC_LITERAL_CONVERSION = YES;
				CLANG_WARN_OBJC_ROOT_CLASS = YES_ERROR;
				CLANG_WARN_QUOTED_INCLUDE_IN_FRAMEWORK_HEADER = YES;
				CLANG_WARN_RANGE_LOOP_ANALYSIS = YES;
				CLANG_WARN_STRICT_PROTOTYPES = YES;
				CLANG_WARN_SUSPICIOUS_MOVE = YES;
				CLANG_WARN_UNGUARDED_AVAILABILITY = YES_AGGRESSIVE;
				CLANG_WARN_UNREACHABLE_CODE = YES;
				CLANG_WARN__DUPLICATE_METHOD_MATCH = YES;
				COPY_PHASE_STRIP = NO;
				DEBUG_INFORMATION_FORMAT = dwarf;
				ENABLE_STRICT_OBJC_MSGSEND = YES;
				ENABLE_TESTABILITY = YES;
				ENABLE_USER_SCRIPT_SANDBOXING = YES;
				GCC_C_LANGUAGE_STANDARD = gnu17;
				GCC_DYNAMIC_NO_PIC = NO;
				GCC_NO_COMMON_BLOCKS = YES;
				GCC_OPTIMIZATION_LEVEL = 0;
				GCC_PREPROCESSOR_DEFINITIONS = (
					"DEBUG=1",
					"$(inherited)",
				);
				GCC_WARN_64_TO_32_BIT_CONVERSION = YES;
				GCC_WARN_ABOUT_RETURN_TYPE = YES_ERROR;
				GCC_WARN_UNDECLARED_SELECTOR = YES;
				GCC_WARN_UNINITIALIZED_AUTOS = YES_AGGRESSIVE;
				GCC_WARN_UNUSED_FUNCTION = YES;
				GCC_WARN_UNUSED_VARIABLE = YES;
				IPHONEOS_DEPLOYMENT_TARGET = 18.0;
				LOCALIZATION_PREFERS_STRING_CATALOGS = YES;
				MTL_ENABLE_DEBUG_INFO = INCLUDE_SOURCE;
				MTL_FAST_MATH = YES;
				ONLY_ACTIVE_ARCH = YES;
				SDKROOT = iphoneos;
				SWIFT_ACTIVE_COMPILATION_CONDITIONS = "DEBUG $(inherited)";
				SWIFT_OPTIMIZATION_LEVEL = "-Onone";
			};
			name = Debug;
		};
		41C8B92C2C5F2C0500A10001 /* Release */ = {
			isa = XCBuildConfiguration;
			buildSettings = {
				ALWAYS_SEARCH_USER_PATHS = NO;
				CLANG_ANALYZER_NONNULL = YES;
				CLANG_ANALYZER_NUMBER_OBJECT_CONVERSION = YES_AGGRESSIVE;
				CLANG_CXX_LANGUAGE_STANDARD = "gnu++20";
				CLANG_ENABLE_MODULES = YES;
				CLANG_ENABLE_OBJC_ARC = YES;
				CLANG_ENABLE_OBJC_WEAK = YES;
				CLANG_WARN_BLOCK_CAPTURE_AUTORELEASING = YES;
				CLANG_WARN_BOOL_CONVERSION = YES;
				CLANG_WARN_COMMA = YES;
				CLANG_WARN_CONSTANT_CONVERSION = YES;
				CLANG_WARN_DEPRECATED_OBJC_IMPLEMENTATIONS = YES;
				CLANG_WARN_DIRECT_OBJC_ISA_USAGE = YES_ERROR;
				CLANG_WARN_DOCUMENTATION_COMMENTS = YES;
				CLANG_WARN_EMPTY_BODY = YES;
				CLANG_WARN_ENUM_CONVERSION = YES;
				CLANG_WARN_INFINITE_RECURSION = YES;
				CLANG_WARN_INT_CONVERSION = YES;
				CLANG_WARN_NON_LITERAL_NULL_CONVERSION = YES;
				CLANG_WARN_OBJC_IMPLICIT_RETAIN_SELF = YES;
				CLANG_WARN_OBJC_LITERAL_CONVERSION = YES;
				CLANG_WARN_OBJC_ROOT_CLASS = YES_ERROR;
				CLANG_WARN_QUOTED_INCLUDE_IN_FRAMEWORK_HEADER = YES;
				CLANG_WARN_RANGE_LOOP_ANALYSIS = YES;
				CLANG_WARN_STRICT_PROTOTYPES = YES;
				CLANG_WARN_SUSPICIOUS_MOVE = YES;
				CLANG_WARN_UNGUARDED_AVAILABILITY = YES_AGGRESSIVE;
				CLANG_WARN_UNREACHABLE_CODE = YES;
				CLANG_WARN__DUPLICATE_METHOD_MATCH = YES;
				COPY_PHASE_STRIP = NO;
				DEBUG_INFORMATION_FORMAT = "dwarf-with-dsym";
				ENABLE_NS_ASSERTIONS = NO;
				ENABLE_STRICT_OBJC_MSGSEND = YES;
				ENABLE_USER_SCRIPT_SANDBOXING = YES;
				GCC_C_LANGUAGE_STANDARD = gnu17;
				GCC_NO_COMMON_BLOCKS = YES;
				GCC_WARN_64_TO_32_BIT_CONVERSION = YES;
				GCC_WARN_ABOUT_RETURN_TYPE = YES_ERROR;
				GCC_WARN_UNDECLARED_SELECTOR = YES;
				GCC_WARN_UNINITIALIZED_AUTOS = YES_AGGRESSIVE;
				GCC_WARN_UNUSED_FUNCTION = YES;
				GCC_WARN_UNUSED_VARIABLE = YES;
				IPHONEOS_DEPLOYMENT_TARGET = 18.0;
				LOCALIZATION_PREFERS_STRING_CATALOGS = YES;
				MTL_ENABLE_DEBUG_INFO = NO;
				MTL_FAST_MATH = YES;
				SDKROOT = iphoneos;
				SWIFT_COMPILATION_MODE = wholemodule;
				VALIDATE_PRODUCT = YES;
			};
			name = Release;
		};
		41C8B92E2C5F2C0500A10001 /* Debug */ = {
			isa = XCBuildConfiguration;
			buildSettings = {
				CODE_SIGN_ENTITLEMENTS = PumpKitchen/PumpKitchen.entitlements;
				CODE_SIGN_STYLE = Automatic;
				CURRENT_PROJECT_VERSION = 1;
				DEVELOPMENT_ASSET_PATHS = "";
				DEVELOPMENT_TEAM = "";
				ENABLE_PREVIEWS = YES;
				GENERATE_INFOPLIST_FILE = YES;
				INFOPLIST_FILE = PumpKitchen/Info.plist;
				INFOPLIST_KEY_CFBundleDisplayName = "Pump Kitchen";
				INFOPLIST_KEY_LSApplicationCategoryType = "public.app-category.food-and-drink";
				INFOPLIST_KEY_UIApplicationSceneManifest_Generation = YES;
				INFOPLIST_KEY_UIApplicationSupportsIndirectInputEvents = YES;
				INFOPLIST_KEY_UILaunchScreen_Generation = YES;
				INFOPLIST_KEY_UISupportedInterfaceOrientations_iPad = "UIInterfaceOrientationPortrait UIInterfaceOrientationPortraitUpsideDown UIInterfaceOrientationLandscapeLeft UIInterfaceOrientationLandscapeRight";
				INFOPLIST_KEY_UISupportedInterfaceOrientations_iPhone = "UIInterfaceOrientationPortrait UIInterfaceOrientationLandscapeLeft UIInterfaceOrientationLandscapeRight";
				IPHONEOS_DEPLOYMENT_TARGET = 18.0;
				LD_RUNPATH_SEARCH_PATHS = (
					"$(inherited)",
					"@executable_path/Frameworks",
				);
				MARKETING_VERSION = 1.0;
				PRODUCT_BUNDLE_IDENTIFIER = com.pumpkitchen.PumpKitchen;
				PRODUCT_NAME = "$(TARGET_NAME)";
				SDKROOT = iphoneos;
				SWIFT_EMIT_LOC_STRINGS = YES;
				SWIFT_VERSION = 5.0;
				TARGETED_DEVICE_FAMILY = "1,2";
			};
			name = Debug;
		};
		41C8B92F2C5F2C0500A10001 /* Release */ = {
			isa = XCBuildConfiguration;
			buildSettings = {
				CODE_SIGN_ENTITLEMENTS = PumpKitchen/PumpKitchen.entitlements;
				CODE_SIGN_STYLE = Automatic;
				CURRENT_PROJECT_VERSION = 1;
				DEVELOPMENT_ASSET_PATHS = "";
				DEVELOPMENT_TEAM = "";
				ENABLE_PREVIEWS = YES;
				GENERATE_INFOPLIST_FILE = YES;
				INFOPLIST_FILE = PumpKitchen/Info.plist;
				INFOPLIST_KEY_CFBundleDisplayName = "Pump Kitchen";
				INFOPLIST_KEY_LSApplicationCategoryType = "public.app-category.food-and-drink";
				INFOPLIST_KEY_UIApplicationSceneManifest_Generation = YES;
				INFOPLIST_KEY_UIApplicationSupportsIndirectInputEvents = YES;
				INFOPLIST_KEY_UILaunchScreen_Generation = YES;
				INFOPLIST_KEY_UISupportedInterfaceOrientations_iPad = "UIInterfaceOrientationPortrait UIInterfaceOrientationPortraitUpsideDown UIInterfaceOrientationLandscapeLeft UIInterfaceOrientationLandscapeRight";
				INFOPLIST_KEY_UISupportedInterfaceOrientations_iPhone = "UIInterfaceOrientationPortrait UIInterfaceOrientationLandscapeLeft UIInterfaceOrientationLandscapeRight";
				IPHONEOS_DEPLOYMENT_TARGET = 18.0;
				LD_RUNPATH_SEARCH_PATHS = (
					"$(inherited)",
					"@executable_path/Frameworks",
				);
				MARKETING_VERSION = 1.0;
				PRODUCT_BUNDLE_IDENTIFIER = com.pumpkitchen.PumpKitchen;
				PRODUCT_NAME = "$(TARGET_NAME)";
				SDKROOT = iphoneos;
				SWIFT_EMIT_LOC_STRINGS = YES;
				SWIFT_VERSION = 5.0;
				TARGETED_DEVICE_FAMILY = "1,2";
			};
			name = Release;
		};
		41C8B9392C5F2C0500A10001 /* Debug */ = {
			isa = XCBuildConfiguration;
			buildSettings = {
				ALWAYS_EMBED_SWIFT_STANDARD_LIBRARIES = YES;
				BUNDLE_LOADER = "$(TEST_HOST)";
				CODE_SIGN_STYLE = Automatic;
				CURRENT_PROJECT_VERSION = 1;
				DEVELOPMENT_TEAM = "";
				GENERATE_INFOPLIST_FILE = YES;
				IPHONEOS_DEPLOYMENT_TARGET = 18.0;
				LD_RUNPATH_SEARCH_PATHS = (
					"$(inherited)",
					"@executable_path/Frameworks",
					"@loader_path/Frameworks",
				);
				MARKETING_VERSION = 1.0;
				PRODUCT_BUNDLE_IDENTIFIER = com.pumpkitchen.PumpKitchenTests;
				PRODUCT_NAME = "$(TARGET_NAME)";
				SDKROOT = iphoneos;
				SWIFT_VERSION = 5.0;
				TARGETED_DEVICE_FAMILY = "1,2";
				TEST_HOST = "$(BUILT_PRODUCTS_DIR)/Pump Kitchen.app/$(BUNDLE_EXECUTABLE_FOLDER_PATH)/Pump Kitchen";
			};
			name = Debug;
		};
		41C8B93A2C5F2C0500A10001 /* Release */ = {
			isa = XCBuildConfiguration;
			buildSettings = {
				ALWAYS_EMBED_SWIFT_STANDARD_LIBRARIES = YES;
				BUNDLE_LOADER = "$(TEST_HOST)";
				CODE_SIGN_STYLE = Automatic;
				CURRENT_PROJECT_VERSION = 1;
				DEVELOPMENT_TEAM = "";
				GENERATE_INFOPLIST_FILE = YES;
				IPHONEOS_DEPLOYMENT_TARGET = 18.0;
				LD_RUNPATH_SEARCH_PATHS = (
					"$(inherited)",
					"@executable_path/Frameworks",
					"@loader_path/Frameworks",
				);
				MARKETING_VERSION = 1.0;
				PRODUCT_BUNDLE_IDENTIFIER = com.pumpkitchen.PumpKitchenTests;
				PRODUCT_NAME = "$(TARGET_NAME)";
				SDKROOT = iphoneos;
				SWIFT_VERSION = 5.0;
				TARGETED_DEVICE_FAMILY = "1,2";
				TEST_HOST = "$(BUILT_PRODUCTS_DIR)/Pump Kitchen.app/$(BUNDLE_EXECUTABLE_FOLDER_PATH)/Pump Kitchen";
			};
			name = Release;
		};
		41C8B9482C5F2C0500A10001 /* Debug */ = {
			isa = XCBuildConfiguration;
			buildSettings = {
				CODE_SIGN_STYLE = Automatic;
				CURRENT_PROJECT_VERSION = 1;
				DEVELOPMENT_TEAM = "";
				GENERATE_INFOPLIST_FILE = YES;
				IPHONEOS_DEPLOYMENT_TARGET = 18.0;
				MARKETING_VERSION = 1.0;
				PRODUCT_BUNDLE_IDENTIFIER = com.pumpkitchen.PumpKitchenUITests;
				PRODUCT_NAME = "$(TARGET_NAME)";
				SDKROOT = iphoneos;
				SWIFT_VERSION = 5.0;
				TARGETED_DEVICE_FAMILY = "1,2";
				TEST_TARGET_NAME = "Pump Kitchen";
			};
			name = Debug;
		};
		41C8B9492C5F2C0500A10001 /* Release */ = {
			isa = XCBuildConfiguration;
			buildSettings = {
				CODE_SIGN_STYLE = Automatic;
				CURRENT_PROJECT_VERSION = 1;
				DEVELOPMENT_TEAM = "";
				GENERATE_INFOPLIST_FILE = YES;
				IPHONEOS_DEPLOYMENT_TARGET = 18.0;
				MARKETING_VERSION = 1.0;
				PRODUCT_BUNDLE_IDENTIFIER = com.pumpkitchen.PumpKitchenUITests;
				PRODUCT_NAME = "$(TARGET_NAME)";
				SDKROOT = iphoneos;
				SWIFT_VERSION = 5.0;
				TARGETED_DEVICE_FAMILY = "1,2";
				TEST_TARGET_NAME = "Pump Kitchen";
			};
			name = Release;
		};
		41C8B9572C5F2C0500A10001 /* Debug */ = {
			isa = XCBuildConfiguration;
			buildSettings = {
				CODE_SIGN_ENTITLEMENTS = PumpKitchenWidget/PumpKitchenWidget.entitlements;
				CODE_SIGN_STYLE = Automatic;
				CURRENT_PROJECT_VERSION = 1;
				DEVELOPMENT_TEAM = "";
				GENERATE_INFOPLIST_FILE = YES;
				INFOPLIST_FILE = PumpKitchenWidget/Info.plist;
				INFOPLIST_KEY_CFBundleDisplayName = "Pump Kitchen";
				IPHONEOS_DEPLOYMENT_TARGET = 18.0;
				LD_RUNPATH_SEARCH_PATHS = (
					"$(inherited)",
					"@executable_path/Frameworks",
					"@executable_path/../../Frameworks",
				);
				MARKETING_VERSION = 1.0;
				PRODUCT_BUNDLE_IDENTIFIER = com.pumpkitchen.PumpKitchen.Widget;
				PRODUCT_NAME = "$(TARGET_NAME)";
				SDKROOT = iphoneos;
				SKIP_INSTALL = YES;
				SWIFT_EMIT_LOC_STRINGS = YES;
				SWIFT_VERSION = 5.0;
				TARGETED_DEVICE_FAMILY = "1,2";
			};
			name = Debug;
		};
		41C8B9582C5F2C0500A10001 /* Release */ = {
			isa = XCBuildConfiguration;
			buildSettings = {
				CODE_SIGN_ENTITLEMENTS = PumpKitchenWidget/PumpKitchenWidget.entitlements;
				CODE_SIGN_STYLE = Automatic;
				CURRENT_PROJECT_VERSION = 1;
				DEVELOPMENT_TEAM = "";
				GENERATE_INFOPLIST_FILE = YES;
				INFOPLIST_FILE = PumpKitchenWidget/Info.plist;
				INFOPLIST_KEY_CFBundleDisplayName = "Pump Kitchen";
				IPHONEOS_DEPLOYMENT_TARGET = 18.0;
				LD_RUNPATH_SEARCH_PATHS = (
					"$(inherited)",
					"@executable_path/Frameworks",
					"@executable_path/../../Frameworks",
				);
				MARKETING_VERSION = 1.0;
				PRODUCT_BUNDLE_IDENTIFIER = com.pumpkitchen.PumpKitchen.Widget;
				PRODUCT_NAME = "$(TARGET_NAME)";
				SDKROOT = iphoneos;
				SKIP_INSTALL = YES;
				SWIFT_EMIT_LOC_STRINGS = YES;
				SWIFT_VERSION = 5.0;
				TARGETED_DEVICE_FAMILY = "1,2";
			};
			name = Release;
		};
/* End XCBuildConfiguration section */

/* Begin XCConfigurationList section */
		41C8B9192C5F2C0500A10001 /* Build configuration list for PBXProject "Pump Kitchen" */ = {
			isa = XCConfigurationList;
			buildConfigurations = (
				41C8B92B2C5F2C0500A10001 /* Debug */,
				41C8B92C2C5F2C0500A10001 /* Release */,
			);
			defaultConfigurationIsVisible = 0;
			defaultConfigurationName = Release;
		};
		41C8B92D2C5F2C0500A10001 /* Build configuration list for PBXNativeTarget "Pump Kitchen" */ = {
			isa = XCConfigurationList;
			buildConfigurations = (
				41C8B92E2C5F2C0500A10001 /* Debug */,
				41C8B92F2C5F2C0500A10001 /* Release */,
			);
			defaultConfigurationIsVisible = 0;
			defaultConfigurationName = Release;
		};
		41C8B93B2C5F2C0500A10001 /* Build configuration list for PBXNativeTarget "PumpKitchenTests" */ = {
			isa = XCConfigurationList;
			buildConfigurations = (
				41C8B9392C5F2C0500A10001 /* Debug */,
				41C8B93A2C5F2C0500A10001 /* Release */,
			);
			defaultConfigurationIsVisible = 0;
			defaultConfigurationName = Release;
		};
		41C8B94A2C5F2C0500A10001 /* Build configuration list for PBXNativeTarget "PumpKitchenUITests" */ = {
			isa = XCConfigurationList;
			buildConfigurations = (
				41C8B9482C5F2C0500A10001 /* Debug */,
				41C8B9492C5F2C0500A10001 /* Release */,
			);
			defaultConfigurationIsVisible = 0;
			defaultConfigurationName = Release;
		};
		41C8B9562C5F2C0500A10001 /* Build configuration list for PBXNativeTarget "PumpKitchenWidgetExtension" */ = {
			isa = XCConfigurationList;
			buildConfigurations = (
				41C8B9572C5F2C0500A10001 /* Debug */,
				41C8B9582C5F2C0500A10001 /* Release */,
			);
			defaultConfigurationIsVisible = 0;
			defaultConfigurationName = Release;
		};
/* End XCConfigurationList section */
	};
	rootObject = 41C8B9162C5F2C0500A10001 /* Project object */;
}
